
Microsoft Visual Studio Solution File, Format Version 12.00
# Visual Studio Version 16
Project("{2150E333-8FDC-42A3-9474-1A3956D46DE8}") = "CMakePredefinedTargets", "CMakePredefinedTargets", "{9066B5A1-BD34-39F1-94B1-3BE66CC486E0}"
EndProject
Project("{2150E333-8FDC-42A3-9474-1A3956D46DE8}") = "GLFW3", "GLFW3", "{2A6C5023-FF3B-3FCA-93F7-CF7F9E1BF64B}"
EndProject
Project("{8BC9CEB8-8B4A-11D0-8D11-00A0C91BC942}") = "ALL_BUILD", "ALL_BUILD.vcxproj", "{A237E22F-B5E4-36D4-B63C-606B9DF540D9}"
	ProjectSection(ProjectDependencies) = postProject
		{EA2A3C3B-73A5-3311-AF28-2C44EF73D5D5} = {EA2A3C3B-73A5-3311-AF28-2C44EF73D5D5}
		{EE293C5F-674D-332F-9EC3-4580891BCF21} = {EE293C5F-674D-332F-9EC3-4580891BCF21}
		{83127CBF-FE2E-3AE8-9736-98B1AD17DD22} = {83127CBF-FE2E-3AE8-9736-98B1AD17DD22}
		{D424E02B-A8D1-3F2E-BEFF-283D94BEA597} = {D424E02B-A8D1-3F2E-BEFF-283D94BEA597}
	EndProjectSection
EndProject
Project("{8BC9CEB8-8B4A-11D0-8D11-00A0C91BC942}") = "CMU462", "src\CMU462.vcxproj", "{EA2A3C3B-73A5-3311-AF28-2C44EF73D5D5}"
	ProjectSection(ProjectDependencies) = postProject
		{EE293C5F-674D-332F-9EC3-4580891BCF21} = {EE293C5F-674D-332F-9EC3-4580891BCF21}
		{83127CBF-FE2E-3AE8-9736-98B1AD17DD22} = {83127CBF-FE2E-3AE8-9736-98B1AD17DD22}
	EndProjectSection
EndProject
Project("{8BC9CEB8-8B4A-11D0-8D11-00A0C91BC942}") = "INSTALL", "INSTALL.vcxproj", "{5D1534E9-B2AD-37F8-9072-2724EF502DD3}"
	ProjectSection(ProjectDependencies) = postProject
		{A237E22F-B5E4-36D4-B63C-606B9DF540D9} = {A237E22F-B5E4-36D4-B63C-606B9DF540D9}
		{EE293C5F-674D-332F-9EC3-4580891BCF21} = {EE293C5F-674D-332F-9EC3-4580891BCF21}
	EndProjectSection
EndProject
Project("{8BC9CEB8-8B4A-11D0-8D11-00A0C91BC942}") = "ZERO_CHECK", "..\\ZERO_CHECK.vcxproj", "{EE293C5F-674D-332F-9EC3-4580891BCF21}"
	ProjectSection(ProjectDependencies) = postProject
	EndProjectSection
EndProject
Project("{8BC9CEB8-8B4A-11D0-8D11-00A0C91BC942}") = "glew", "deps\glew\glew.vcxproj", "{83127CBF-FE2E-3AE8-9736-98B1AD17DD22}"
	ProjectSection(ProjectDependencies) = postProject
		{EE293C5F-674D-332F-9EC3-4580891BCF21} = {EE293C5F-674D-332F-9EC3-4580891BCF21}
	EndProjectSection
EndProject
Project("{8BC9CEB8-8B4A-11D0-8D11-00A0C91BC942}") = "glfw", "deps\glfw\src\glfw.vcxproj", "{D424E02B-A8D1-3F2E-BEFF-283D94BEA597}"
	ProjectSection(ProjectDependencies) = postProject
		{EE293C5F-674D-332F-9EC3-4580891BCF21} = {EE293C5F-674D-332F-9EC3-4580891BCF21}
	EndProjectSection
EndProject
Global
	GlobalSection(SolutionConfigurationPlatforms) = preSolution
		Debug|x64 = Debug|x64
		Release|x64 = Release|x64
		MinSizeRel|x64 = MinSizeRel|x64
		RelWithDebInfo|x64 = RelWithDebInfo|x64
	EndGlobalSection
	GlobalSection(ProjectConfigurationPlatforms) = postSolution
		{A237E22F-B5E4-36D4-B63C-606B9DF540D9}.Debug|x64.ActiveCfg = Debug|x64
		{A237E22F-B5E4-36D4-B63C-606B9DF540D9}.Debug|x64.Build.0 = Debug|x64
		{A237E22F-B5E4-36D4-B63C-606B9DF540D9}.Release|x64.ActiveCfg = Release|x64
		{A237E22F-B5E4-36D4-B63C-606B9DF540D9}.Release|x64.Build.0 = Release|x64
		{A237E22F-B5E4-36D4-B63C-606B9DF540D9}.MinSizeRel|x64.ActiveCfg = MinSizeRel|x64
		{A237E22F-B5E4-36D4-B63C-606B9DF540D9}.MinSizeRel|x64.Build.0 = MinSizeRel|x64
		{A237E22F-B5E4-36D4-B63C-606B9DF540D9}.RelWithDebInfo|x64.ActiveCfg = RelWithDebInfo|x64
		{A237E22F-B5E4-36D4-B63C-606B9DF540D9}.RelWithDebInfo|x64.Build.0 = RelWithDebInfo|x64
		{EA2A3C3B-73A5-3311-AF28-2C44EF73D5D5}.Debug|x64.ActiveCfg = Debug|x64
		{EA2A3C3B-73A5-3311-AF28-2C44EF73D5D5}.Debug|x64.Build.0 = Debug|x64
		{EA2A3C3B-73A5-3311-AF28-2C44EF73D5D5}.Release|x64.ActiveCfg = Release|x64
		{EA2A3C3B-73A5-3311-AF28-2C44EF73D5D5}.Release|x64.Build.0 = Release|x64
		{EA2A3C3B-73A5-3311-AF28-2C44EF73D5D5}.MinSizeRel|x64.ActiveCfg = MinSizeRel|x64
		{EA2A3C3B-73A5-3311-AF28-2C44EF73D5D5}.MinSizeRel|x64.Build.0 = MinSizeRel|x64
		{EA2A3C3B-73A5-3311-AF28-2C44EF73D5D5}.RelWithDebInfo|x64.ActiveCfg = RelWithDebInfo|x64
		{EA2A3C3B-73A5-3311-AF28-2C44EF73D5D5}.RelWithDebInfo|x64.Build.0 = RelWithDebInfo|x64
		{5D1534E9-B2AD-37F8-9072-2724EF502DD3}.Debug|x64.ActiveCfg = Debug|x64
		{5D1534E9-B2AD-37F8-9072-2724EF502DD3}.Release|x64.ActiveCfg = Release|x64
		{5D1534E9-B2AD-37F8-9072-2724EF502DD3}.MinSizeRel|x64.ActiveCfg = MinSizeRel|x64
		{5D1534E9-B2AD-37F8-9072-2724EF502DD3}.RelWithDebInfo|x64.ActiveCfg = RelWithDebInfo|x64
		{EE293C5F-674D-332F-9EC3-4580891BCF21}.Debug|x64.ActiveCfg = Debug|x64
		{EE293C5F-674D-332F-9EC3-4580891BCF21}.Debug|x64.Build.0 = Debug|x64
		{EE293C5F-674D-332F-9EC3-4580891BCF21}.Release|x64.ActiveCfg = Release|x64
		{EE293C5F-674D-332F-9EC3-4580891BCF21}.Release|x64.Build.0 = Release|x64
		{EE293C5F-674D-332F-9EC3-4580891BCF21}.MinSizeRel|x64.ActiveCfg = MinSizeRel|x64
		{EE293C5F-674D-332F-9EC3-4580891BCF21}.MinSizeRel|x64.Build.0 = MinSizeRel|x64
		{EE293C5F-674D-332F-9EC3-4580891BCF21}.RelWithDebInfo|x64.ActiveCfg = RelWithDebInfo|x64
		{EE293C5F-674D-332F-9EC3-4580891BCF21}.RelWithDebInfo|x64.Build.0 = RelWithDebInfo|x64
		{83127CBF-FE2E-3AE8-9736-98B1AD17DD22}.Debug|x64.ActiveCfg = Debug|x64
		{83127CBF-FE2E-3AE8-9736-98B1AD17DD22}.Debug|x64.Build.0 = Debug|x64
		{83127CBF-FE2E-3AE8-9736-98B1AD17DD22}.Release|x64.ActiveCfg = Release|x64
		{83127CBF-FE2E-3AE8-9736-98B1AD17DD22}.Release|x64.Build.0 = Release|x64
		{83127CBF-FE2E-3AE8-9736-98B1AD17DD22}.MinSizeRel|x64.ActiveCfg = MinSizeRel|x64
		{83127CBF-FE2E-3AE8-9736-98B1AD17DD22}.MinSizeRel|x64.Build.0 = MinSizeRel|x64
		{83127CBF-FE2E-3AE8-9736-98B1AD17DD22}.RelWithDebInfo|x64.ActiveCfg = RelWithDebInfo|x64
		{83127CBF-FE2E-3AE8-9736-98B1AD17DD22}.RelWithDebInfo|x64.Build.0 = RelWithDebInfo|x64
		{D424E02B-A8D1-3F2E-BEFF-283D94BEA597}.Debug|x64.ActiveCfg = Debug|x64
		{D424E02B-A8D1-3F2E-BEFF-283D94BEA597}.Debug|x64.Build.0 = Debug|x64
		{D424E02B-A8D1-3F2E-BEFF-283D94BEA597}.Release|x64.ActiveCfg = Release|x64
		{D424E02B-A8D1-3F2E-BEFF-283D94BEA597}.Release|x64.Build.0 = Release|x64
		{D424E02B-A8D1-3F2E-BEFF-283D94BEA597}.MinSizeRel|x64.ActiveCfg = MinSizeRel|x64
		{D424E02B-A8D1-3F2E-BEFF-283D94BEA597}.MinSizeRel|x64.Build.0 = MinSizeRel|x64
		{D424E02B-A8D1-3F2E-BEFF-283D94BEA597}.RelWithDebInfo|x64.ActiveCfg = RelWithDebInfo|x64
		{D424E02B-A8D1-3F2E-BEFF-283D94BEA597}.RelWithDebInfo|x64.Build.0 = RelWithDebInfo|x64
	EndGlobalSection
	GlobalSection(NestedProjects) = preSolution
		{A237E22F-B5E4-36D4-B63C-606B9DF540D9} = {9066B5A1-BD34-39F1-94B1-3BE66CC486E0}
		{5D1534E9-B2AD-37F8-9072-2724EF502DD3} = {9066B5A1-BD34-39F1-94B1-3BE66CC486E0}
		{EE293C5F-674D-332F-9EC3-4580891BCF21} = {9066B5A1-BD34-39F1-94B1-3BE66CC486E0}
		{D424E02B-A8D1-3F2E-BEFF-283D94BEA597} = {2A6C5023-FF3B-3FCA-93F7-CF7F9E1BF64B}
	EndGlobalSection
	GlobalSection(ExtensibilityGlobals) = postSolution
		SolutionGuid = {BDE459D8-5E39-35CD-9DEB-7A157C0A5442}
	EndGlobalSection
	GlobalSection(ExtensibilityAddIns) = postSolution
	EndGlobalSection
EndGlobal
