
Microsoft Visual Studio Solution File, Format Version 12.00
# Visual Studio Version 16
Project("{2150E333-8FDC-42A3-9474-1A3956D46DE8}") = "CMakePredefinedTargets", "CMakePredefinedTargets", "{0425BCFF-F2D4-3463-811B-FC4BB9438B26}"
EndProject
Project("{2150E333-8FDC-42A3-9474-1A3956D46DE8}") = "GLFW3", "GLFW3", "{0B0045EC-7BAA-3D5B-85B3-2FFAA648BC40}"
EndProject
Project("{8BC9CEB8-8B4A-11D0-8D11-00A0C91BC942}") = "ALL_BUILD", "ALL_BUILD.vcxproj", "{4D4379D1-CD01-3C5F-8F25-1283ABA19151}"
	ProjectSection(ProjectDependencies) = postProject
		{924E10F1-AF2B-367D-9887-9B824C76BE91} = {924E10F1-AF2B-367D-9887-9B824C76BE91}
		{A55B9D28-FA77-38DB-B4D3-3841C6EA4581} = {A55B9D28-FA77-38DB-B4D3-3841C6EA4581}
		{D2DB9E0B-FE19-3460-AF9D-0B7B2A299D8F} = {D2DB9E0B-FE19-3460-AF9D-0B7B2A299D8F}
		{14C30164-686F-30E0-83B7-CF948059EA5D} = {14C30164-686F-30E0-83B7-CF948059EA5D}
		{602EAA0B-44CC-3787-A990-E05DE0316F9B} = {602EAA0B-44CC-3787-A990-E05DE0316F9B}
		{85321C08-BBC4-386E-813B-B351FB378936} = {85321C08-BBC4-386E-813B-B351FB378936}
	EndProjectSection
EndProject
Project("{8BC9CEB8-8B4A-11D0-8D11-00A0C91BC942}") = "CMU462", "CMU462\src\CMU462.vcxproj", "{924E10F1-AF2B-367D-9887-9B824C76BE91}"
	ProjectSection(ProjectDependencies) = postProject
		{A55B9D28-FA77-38DB-B4D3-3841C6EA4581} = {A55B9D28-FA77-38DB-B4D3-3841C6EA4581}
		{602EAA0B-44CC-3787-A990-E05DE0316F9B} = {602EAA0B-44CC-3787-A990-E05DE0316F9B}
	EndProjectSection
EndProject
Project("{8BC9CEB8-8B4A-11D0-8D11-00A0C91BC942}") = "INSTALL", "INSTALL.vcxproj", "{13D1E65E-81C8-3CF2-9E61-41D047233150}"
	ProjectSection(ProjectDependencies) = postProject
		{4D4379D1-CD01-3C5F-8F25-1283ABA19151} = {4D4379D1-CD01-3C5F-8F25-1283ABA19151}
		{A55B9D28-FA77-38DB-B4D3-3841C6EA4581} = {A55B9D28-FA77-38DB-B4D3-3841C6EA4581}
	EndProjectSection
EndProject
Project("{8BC9CEB8-8B4A-11D0-8D11-00A0C91BC942}") = "ZERO_CHECK", "ZERO_CHECK.vcxproj", "{A55B9D28-FA77-38DB-B4D3-3841C6EA4581}"
	ProjectSection(ProjectDependencies) = postProject
	EndProjectSection
EndProject
Project("{8BC9CEB8-8B4A-11D0-8D11-00A0C91BC942}") = "drawsvg", "src\drawsvg.vcxproj", "{D2DB9E0B-FE19-3460-AF9D-0B7B2A299D8F}"
	ProjectSection(ProjectDependencies) = postProject
		{924E10F1-AF2B-367D-9887-9B824C76BE91} = {924E10F1-AF2B-367D-9887-9B824C76BE91}
		{A55B9D28-FA77-38DB-B4D3-3841C6EA4581} = {A55B9D28-FA77-38DB-B4D3-3841C6EA4581}
		{14C30164-686F-30E0-83B7-CF948059EA5D} = {14C30164-686F-30E0-83B7-CF948059EA5D}
		{602EAA0B-44CC-3787-A990-E05DE0316F9B} = {602EAA0B-44CC-3787-A990-E05DE0316F9B}
		{85321C08-BBC4-386E-813B-B351FB378936} = {85321C08-BBC4-386E-813B-B351FB378936}
	EndProjectSection
EndProject
Project("{8BC9CEB8-8B4A-11D0-8D11-00A0C91BC942}") = "drawsvg_hdwr", "src\drawsvg_hdwr.vcxproj", "{14C30164-686F-30E0-83B7-CF948059EA5D}"
	ProjectSection(ProjectDependencies) = postProject
		{A55B9D28-FA77-38DB-B4D3-3841C6EA4581} = {A55B9D28-FA77-38DB-B4D3-3841C6EA4581}
	EndProjectSection
EndProject
Project("{8BC9CEB8-8B4A-11D0-8D11-00A0C91BC942}") = "glew", "CMU462\deps\glew\glew.vcxproj", "{602EAA0B-44CC-3787-A990-E05DE0316F9B}"
	ProjectSection(ProjectDependencies) = postProject
		{A55B9D28-FA77-38DB-B4D3-3841C6EA4581} = {A55B9D28-FA77-38DB-B4D3-3841C6EA4581}
	EndProjectSection
EndProject
Project("{8BC9CEB8-8B4A-11D0-8D11-00A0C91BC942}") = "glfw", "CMU462\deps\glfw\src\glfw.vcxproj", "{85321C08-BBC4-386E-813B-B351FB378936}"
	ProjectSection(ProjectDependencies) = postProject
		{A55B9D28-FA77-38DB-B4D3-3841C6EA4581} = {A55B9D28-FA77-38DB-B4D3-3841C6EA4581}
	EndProjectSection
EndProject
Global
	GlobalSection(SolutionConfigurationPlatforms) = preSolution
		Debug|x64 = Debug|x64
		Release|x64 = Release|x64
		MinSizeRel|x64 = MinSizeRel|x64
		RelWithDebInfo|x64 = RelWithDebInfo|x64
	EndGlobalSection
	GlobalSection(ProjectConfigurationPlatforms) = postSolution
		{4D4379D1-CD01-3C5F-8F25-1283ABA19151}.Debug|x64.ActiveCfg = Debug|x64
		{4D4379D1-CD01-3C5F-8F25-1283ABA19151}.Debug|x64.Build.0 = Debug|x64
		{4D4379D1-CD01-3C5F-8F25-1283ABA19151}.Release|x64.ActiveCfg = Release|x64
		{4D4379D1-CD01-3C5F-8F25-1283ABA19151}.Release|x64.Build.0 = Release|x64
		{4D4379D1-CD01-3C5F-8F25-1283ABA19151}.MinSizeRel|x64.ActiveCfg = MinSizeRel|x64
		{4D4379D1-CD01-3C5F-8F25-1283ABA19151}.MinSizeRel|x64.Build.0 = MinSizeRel|x64
		{4D4379D1-CD01-3C5F-8F25-1283ABA19151}.RelWithDebInfo|x64.ActiveCfg = RelWithDebInfo|x64
		{4D4379D1-CD01-3C5F-8F25-1283ABA19151}.RelWithDebInfo|x64.Build.0 = RelWithDebInfo|x64
		{924E10F1-AF2B-367D-9887-9B824C76BE91}.Debug|x64.ActiveCfg = Debug|x64
		{924E10F1-AF2B-367D-9887-9B824C76BE91}.Debug|x64.Build.0 = Debug|x64
		{924E10F1-AF2B-367D-9887-9B824C76BE91}.Release|x64.ActiveCfg = Release|x64
		{924E10F1-AF2B-367D-9887-9B824C76BE91}.Release|x64.Build.0 = Release|x64
		{924E10F1-AF2B-367D-9887-9B824C76BE91}.MinSizeRel|x64.ActiveCfg = MinSizeRel|x64
		{924E10F1-AF2B-367D-9887-9B824C76BE91}.MinSizeRel|x64.Build.0 = MinSizeRel|x64
		{924E10F1-AF2B-367D-9887-9B824C76BE91}.RelWithDebInfo|x64.ActiveCfg = RelWithDebInfo|x64
		{924E10F1-AF2B-367D-9887-9B824C76BE91}.RelWithDebInfo|x64.Build.0 = RelWithDebInfo|x64
		{13D1E65E-81C8-3CF2-9E61-41D047233150}.Debug|x64.ActiveCfg = Debug|x64
		{13D1E65E-81C8-3CF2-9E61-41D047233150}.Release|x64.ActiveCfg = Release|x64
		{13D1E65E-81C8-3CF2-9E61-41D047233150}.MinSizeRel|x64.ActiveCfg = MinSizeRel|x64
		{13D1E65E-81C8-3CF2-9E61-41D047233150}.RelWithDebInfo|x64.ActiveCfg = RelWithDebInfo|x64
		{A55B9D28-FA77-38DB-B4D3-3841C6EA4581}.Debug|x64.ActiveCfg = Debug|x64
		{A55B9D28-FA77-38DB-B4D3-3841C6EA4581}.Debug|x64.Build.0 = Debug|x64
		{A55B9D28-FA77-38DB-B4D3-3841C6EA4581}.Release|x64.ActiveCfg = Release|x64
		{A55B9D28-FA77-38DB-B4D3-3841C6EA4581}.Release|x64.Build.0 = Release|x64
		{A55B9D28-FA77-38DB-B4D3-3841C6EA4581}.MinSizeRel|x64.ActiveCfg = MinSizeRel|x64
		{A55B9D28-FA77-38DB-B4D3-3841C6EA4581}.MinSizeRel|x64.Build.0 = MinSizeRel|x64
		{A55B9D28-FA77-38DB-B4D3-3841C6EA4581}.RelWithDebInfo|x64.ActiveCfg = RelWithDebInfo|x64
		{A55B9D28-FA77-38DB-B4D3-3841C6EA4581}.RelWithDebInfo|x64.Build.0 = RelWithDebInfo|x64
		{D2DB9E0B-FE19-3460-AF9D-0B7B2A299D8F}.Debug|x64.ActiveCfg = Debug|x64
		{D2DB9E0B-FE19-3460-AF9D-0B7B2A299D8F}.Debug|x64.Build.0 = Debug|x64
		{D2DB9E0B-FE19-3460-AF9D-0B7B2A299D8F}.Release|x64.ActiveCfg = Release|x64
		{D2DB9E0B-FE19-3460-AF9D-0B7B2A299D8F}.Release|x64.Build.0 = Release|x64
		{D2DB9E0B-FE19-3460-AF9D-0B7B2A299D8F}.MinSizeRel|x64.ActiveCfg = MinSizeRel|x64
		{D2DB9E0B-FE19-3460-AF9D-0B7B2A299D8F}.MinSizeRel|x64.Build.0 = MinSizeRel|x64
		{D2DB9E0B-FE19-3460-AF9D-0B7B2A299D8F}.RelWithDebInfo|x64.ActiveCfg = RelWithDebInfo|x64
		{D2DB9E0B-FE19-3460-AF9D-0B7B2A299D8F}.RelWithDebInfo|x64.Build.0 = RelWithDebInfo|x64
		{14C30164-686F-30E0-83B7-CF948059EA5D}.Debug|x64.ActiveCfg = Debug|x64
		{14C30164-686F-30E0-83B7-CF948059EA5D}.Debug|x64.Build.0 = Debug|x64
		{14C30164-686F-30E0-83B7-CF948059EA5D}.Release|x64.ActiveCfg = Release|x64
		{14C30164-686F-30E0-83B7-CF948059EA5D}.Release|x64.Build.0 = Release|x64
		{14C30164-686F-30E0-83B7-CF948059EA5D}.MinSizeRel|x64.ActiveCfg = MinSizeRel|x64
		{14C30164-686F-30E0-83B7-CF948059EA5D}.MinSizeRel|x64.Build.0 = MinSizeRel|x64
		{14C30164-686F-30E0-83B7-CF948059EA5D}.RelWithDebInfo|x64.ActiveCfg = RelWithDebInfo|x64
		{14C30164-686F-30E0-83B7-CF948059EA5D}.RelWithDebInfo|x64.Build.0 = RelWithDebInfo|x64
		{602EAA0B-44CC-3787-A990-E05DE0316F9B}.Debug|x64.ActiveCfg = Debug|x64
		{602EAA0B-44CC-3787-A990-E05DE0316F9B}.Debug|x64.Build.0 = Debug|x64
		{602EAA0B-44CC-3787-A990-E05DE0316F9B}.Release|x64.ActiveCfg = Release|x64
		{602EAA0B-44CC-3787-A990-E05DE0316F9B}.Release|x64.Build.0 = Release|x64
		{602EAA0B-44CC-3787-A990-E05DE0316F9B}.MinSizeRel|x64.ActiveCfg = MinSizeRel|x64
		{602EAA0B-44CC-3787-A990-E05DE0316F9B}.MinSizeRel|x64.Build.0 = MinSizeRel|x64
		{602EAA0B-44CC-3787-A990-E05DE0316F9B}.RelWithDebInfo|x64.ActiveCfg = RelWithDebInfo|x64
		{602EAA0B-44CC-3787-A990-E05DE0316F9B}.RelWithDebInfo|x64.Build.0 = RelWithDebInfo|x64
		{85321C08-BBC4-386E-813B-B351FB378936}.Debug|x64.ActiveCfg = Debug|x64
		{85321C08-BBC4-386E-813B-B351FB378936}.Debug|x64.Build.0 = Debug|x64
		{85321C08-BBC4-386E-813B-B351FB378936}.Release|x64.ActiveCfg = Release|x64
		{85321C08-BBC4-386E-813B-B351FB378936}.Release|x64.Build.0 = Release|x64
		{85321C08-BBC4-386E-813B-B351FB378936}.MinSizeRel|x64.ActiveCfg = MinSizeRel|x64
		{85321C08-BBC4-386E-813B-B351FB378936}.MinSizeRel|x64.Build.0 = MinSizeRel|x64
		{85321C08-BBC4-386E-813B-B351FB378936}.RelWithDebInfo|x64.ActiveCfg = RelWithDebInfo|x64
		{85321C08-BBC4-386E-813B-B351FB378936}.RelWithDebInfo|x64.Build.0 = RelWithDebInfo|x64
	EndGlobalSection
	GlobalSection(NestedProjects) = preSolution
		{4D4379D1-CD01-3C5F-8F25-1283ABA19151} = {0425BCFF-F2D4-3463-811B-FC4BB9438B26}
		{13D1E65E-81C8-3CF2-9E61-41D047233150} = {0425BCFF-F2D4-3463-811B-FC4BB9438B26}
		{A55B9D28-FA77-38DB-B4D3-3841C6EA4581} = {0425BCFF-F2D4-3463-811B-FC4BB9438B26}
		{85321C08-BBC4-386E-813B-B351FB378936} = {0B0045EC-7BAA-3D5B-85B3-2FFAA648BC40}
	EndGlobalSection
	GlobalSection(ExtensibilityGlobals) = postSolution
		SolutionGuid = {80022E90-5561-32E7-877E-4E5896ED8C52}
	EndGlobalSection
	GlobalSection(ExtensibilityAddIns) = postSolution
	EndGlobalSection
EndGlobal
