<?xml version="1.0" encoding="utf-8"?>
<Project ToolsVersion="16.0" xmlns="http://schemas.microsoft.com/developer/msbuild/2003">
  <ItemGroup>
    <ClCompile Include="D:\CS Work\Graphics\DrawSVG\src\svg.cpp">
      <Filter>Source Files</Filter>
    </ClCompile>
    <ClCompile Include="D:\CS Work\Graphics\DrawSVG\src\png.cpp">
      <Filter>Source Files</Filter>
    </ClCompile>
    <ClCompile Include="D:\CS Work\Graphics\DrawSVG\src\texture.cpp">
      <Filter>Source Files</Filter>
    </ClCompile>
    <ClCompile Include="D:\CS Work\Graphics\DrawSVG\src\viewport.cpp">
      <Filter>Source Files</Filter>
    </ClCompile>
    <ClCompile Include="D:\CS Work\Graphics\DrawSVG\src\triangulation.cpp">
      <Filter>Source Files</Filter>
    </ClCompile>
    <ClCompile Include="D:\CS Work\Graphics\DrawSVG\src\software_renderer.cpp">
      <Filter>Source Files</Filter>
    </ClCompile>
    <ClCompile Include="D:\CS Work\Graphics\DrawSVG\src\drawsvg.cpp">
      <Filter>Source Files</Filter>
    </ClCompile>
    <ClCompile Include="D:\CS Work\Graphics\DrawSVG\src\main.cpp">
      <Filter>Source Files</Filter>
    </ClCompile>
    <ClCompile Include="D:\CS Work\Graphics\DrawSVG\src\dirent\dirent.c">
      <Filter>Source Files</Filter>
    </ClCompile>
  </ItemGroup>
  <ItemGroup>
    <ClInclude Include="D:\CS Work\Graphics\DrawSVG\src\svg.h">
      <Filter>Header Files</Filter>
    </ClInclude>
    <ClInclude Include="D:\CS Work\Graphics\DrawSVG\src\png.h">
      <Filter>Header Files</Filter>
    </ClInclude>
    <ClInclude Include="D:\CS Work\Graphics\DrawSVG\src\texture.h">
      <Filter>Header Files</Filter>
    </ClInclude>
    <ClInclude Include="D:\CS Work\Graphics\DrawSVG\src\viewport.h">
      <Filter>Header Files</Filter>
    </ClInclude>
    <ClInclude Include="D:\CS Work\Graphics\DrawSVG\src\triangulation.h">
      <Filter>Header Files</Filter>
    </ClInclude>
    <ClInclude Include="D:\CS Work\Graphics\DrawSVG\src\hardware_renderer.h">
      <Filter>Header Files</Filter>
    </ClInclude>
    <ClInclude Include="D:\CS Work\Graphics\DrawSVG\src\software_renderer.h">
      <Filter>Header Files</Filter>
    </ClInclude>
    <ClInclude Include="D:\CS Work\Graphics\DrawSVG\src\drawsvg.h">
      <Filter>Header Files</Filter>
    </ClInclude>
  </ItemGroup>
  <ItemGroup>
    <CustomBuild Include="D:\CS Work\Graphics\DrawSVG\src\CMakeLists.txt" />
  </ItemGroup>
  <ItemGroup>
    <Filter Include="Header Files">
      <UniqueIdentifier>{6848DDEB-8DE1-3C8F-9853-825FCB1A2713}</UniqueIdentifier>
    </Filter>
    <Filter Include="Source Files">
      <UniqueIdentifier>{F0CEA76F-34FB-3A31-839B-2972CED168D2}</UniqueIdentifier>
    </Filter>
  </ItemGroup>
</Project>
